lockfileVersion: '9.0'

settings:
  autoInstallPeers: true
  excludeLinksFromLockfile: false

importers:

  .:
    devDependencies:
      vscode-oniguruma:
        specifier: ^2.0.1
        version: 2.0.1
      vscode-textmate:
        specifier: ^9.2.0
        version: 9.3.2

packages:

  vscode-oniguruma@2.0.1:
    resolution: {integrity: sha512-poJU8iHIWnC3vgphJnrLZyI3YdqRlR27xzqDmpPXYzA93R4Gk8z7T6oqDzDoHjoikA2aS82crdXFkjELCdJsjQ==}

  vscode-textmate@9.3.2:
    resolution: {integrity: sha512-n2uGbUcrjhUEBH16uGA0TvUfhWwliFZ1e3+pTjrkim1Mt7ydB41lV08aUvsi70OlzDWp6X7Bx3w/x3fAXIsN0Q==}

snapshots:

  vscode-oniguruma@2.0.1: {}

  vscode-textmate@9.3.2: {}
